// !$*UTF8*$!
{
	archiveVersion = 1;
	classes = {
	};
	objectVersion = 56;
	objects = {

/* Begin PBXBuildFile section */
		73F0D54D2AE0459B005A612E /* CalcuLuxeApp.swift in Sources */ = {isa = PBXBuildFile; fileRef = 73F0D54C2AE0459B005A612E /* CalcuLuxeApp.swift */; };
		73F0D54F2AE0459B005A612E /* ContentView.swift in Sources */ = {isa = PBXBuildFile; fileRef = 73F0D54E2AE0459B005A612E /* ContentView.swift */; };
		73F0D5512AE045A1005A612E /* Assets.xcassets in Resources */ = {isa = PBXBuildFile; fileRef = 73F0D5502AE045A1005A612E /* Assets.xcassets */; };
		73F0D5542AE045A1005A612E /* Preview Assets.xcassets in Resources */ = {isa = PBXBuildFile; fileRef = 73F0D5532AE045A1005A612E /* Preview Assets.xcassets */; };
		73F0D55E2AE045A2005A612E /* CalcuLuxeTests.swift in Sources */ = {isa = PBXBuildFile; fileRef = 73F0D55D2AE045A2005A612E /* CalcuLuxeTests.swift */; };
		73F0D5682AE045A2005A612E /* CalcuLuxeUITests.swift in Sources */ = {isa = PBXBuildFile; fileRef = 73F0D5672AE045A2005A612E /* CalcuLuxeUITests.swift */; };
		73F0D56A2AE045A2005A612E /* CalcuLuxeUITestsLaunchTests.swift in Sources */ = {isa = PBXBuildFile; fileRef = 73F0D5692AE045A2005A612E /* CalcuLuxeUITestsLaunchTests.swift */; };
		73F0D5772AE049B4005A612E /* AppDelegate.swift in Sources */ = {isa = PBXBuildFile; fileRef = 73F0D5762AE049B4005A612E /* AppDelegate.swift */; };
		73F0D5792AE049DB005A612E /* ViewController.swift in Sources */ = {isa = PBXBuildFile; fileRef = 73F0D5782AE049DB005A612E /* ViewController.swift */; };
		73F0D57F2AE04A54005A612E /* CalculatorModel.swift in Sources */ = {isa = PBXBuildFile; fileRef = 73F0D57E2AE04A54005A612E /* CalculatorModel.swift */; };
		73F0D5822AE04AA8005A612E /* Main.storyboard in Resources */ = {isa = PBXBuildFile; fileRef = 73F0D5812AE04AA8005A612E /* Main.storyboard */; };
		73F0D5842AE04BD1005A612E /* LaunchScreen.storyboard in Resources */ = {isa = PBXBuildFile; fileRef = 73F0D5832AE04BD1005A612E /* LaunchScreen.storyboard */; };
/* End PBXBuildFile section */

/* Begin PBXContainerItemProxy section */
		73F0D55A2AE045A2005A612E /* PBXContainerItemProxy */ = {
			isa = PBXContainerItemProxy;
			containerPortal = 73F0D5412AE0459B005A612E /* Project object */;
			proxyType = 1;
			remoteGlobalIDString = 73F0D5482AE0459B005A612E;
			remoteInfo = CalcuLuxe;
		};
		73F0D5642AE045A2005A612E /* PBXContainerItemProxy */ = {
			isa = PBXContainerItemProxy;
			containerPortal = 73F0D5412AE0459B005A612E /* Project object */;
			proxyType = 1;
			remoteGlobalIDString = 73F0D5482AE0459B005A612E;
			remoteInfo = CalcuLuxe;
		};
/* End PBXContainerItemProxy section */

/* Begin PBXFileReference section */
		73F0D5492AE0459B005A612E /* CalcuLuxe.app */ = {isa = PBXFileReference; explicitFileType = wrapper.application; includeInIndex = 0; path = CalcuLuxe.app; sourceTree = BUILT_PRODUCTS_DIR; };
		73F0D54C2AE0459B005A612E /* CalcuLuxeApp.swift */ = {isa = PBXFileReference; lastKnownFileType = sourcecode.swift; path = CalcuLuxeApp.swift; sourceTree = "<group>"; };
		73F0D54E2AE0459B005A612E /* ContentView.swift */ = {isa = PBXFileReference; lastKnownFileType = sourcecode.swift; path = ContentView.swift; sourceTree = "<group>"; };
		73F0D5502AE045A1005A612E /* Assets.xcassets */ = {isa = PBXFileReference; lastKnownFileType = folder.assetcatalog; path = Assets.xcassets; sourceTree = "<group>"; };
		73F0D5532AE045A1005A612E /* Preview Assets.xcassets */ = {isa = PBXFileReference; lastKnownFileType = folder.assetcatalog; path = "Preview Assets.xcassets"; sourceTree = "<group>"; };
		73F0D5592AE045A2005A612E /* CalcuLuxeTests.xctest */ = {isa = PBXFileReference; explicitFileType = wrapper.cfbundle; includeInIndex = 0; path = CalcuLuxeTests.xctest; sourceTree = BUILT_PRODUCTS_DIR; };
		73F0D55D2AE045A2005A612E /* CalcuLuxeTests.swift */ = {isa = PBXFileReference; lastKnownFileType = sourcecode.swift; path = CalcuLuxeTests.swift; sourceTree = "<group>"; };
		73F0D5632AE045A2005A612E /* CalcuLuxeUITests.xctest */ = {isa = PBXFileReference; explicitFileType = wrapper.cfbundle; includeInIndex = 0; path = CalcuLuxeUITests.xctest; sourceTree = BUILT_PRODUCTS_DIR; };
		73F0D5672AE045A2005A612E /* CalcuLuxeUITests.swift */ = {isa = PBXFileReference; lastKnownFileType = sourcecode.swift; path = CalcuLuxeUITests.swift; sourceTree = "<group>"; };
		73F0D5692AE045A2005A612E /* CalcuLuxeUITestsLaunchTests.swift */ = {isa = PBXFileReference; lastKnownFileType = sourcecode.swift; path = CalcuLuxeUITestsLaunchTests.swift; sourceTree = "<group>"; };
		73F0D5762AE049B4005A612E /* AppDelegate.swift */ = {isa = PBXFileReference; lastKnownFileType = sourcecode.swift; path = AppDelegate.swift; sourceTree = "<group>"; };
		73F0D5782AE049DB005A612E /* ViewController.swift */ = {isa = PBXFileReference; lastKnownFileType = sourcecode.swift; path = ViewController.swift; sourceTree = "<group>"; };
		73F0D57E2AE04A54005A612E /* CalculatorModel.swift */ = {isa = PBXFileReference; lastKnownFileType = sourcecode.swift; path = CalculatorModel.swift; sourceTree = "<group>"; };
		73F0D5802AE04A83005A612E /* README.md */ = {isa = PBXFileReference; lastKnownFileType = net.daringfireball.markdown; path = README.md; sourceTree = "<group>"; };
		73F0D5812AE04AA8005A612E /* Main.storyboard */ = {isa = PBXFileReference; lastKnownFileType = file.storyboard; path = Main.storyboard; sourceTree = "<group>"; };
		73F0D5832AE04BD1005A612E /* LaunchScreen.storyboard */ = {isa = PBXFileReference; lastKnownFileType = file.storyboard; path = LaunchScreen.storyboard; sourceTree = "<group>"; };
/* End PBXFileReference section */

/* Begin PBXFrameworksBuildPhase section */
		73F0D5462AE0459B005A612E /* Frameworks */ = {
			isa = PBXFrameworksBuildPhase;
			buildActionMask = 2147483647;
			files = (
			);
			runOnlyForDeploymentPostprocessing = 0;
		};
		73F0D5562AE045A2005A612E /* Frameworks */ = {
			isa = PBXFrameworksBuildPhase;
			buildActionMask = 2147483647;
			files = (
			);
			runOnlyForDeploymentPostprocessing = 0;
		};
		73F0D5602AE045A2005A612E /* Frameworks */ = {
			isa = PBXFrameworksBuildPhase;
			buildActionMask = 2147483647;
			files = (
			);
			runOnlyForDeploymentPostprocessing = 0;
		};
/* End PBXFrameworksBuildPhase section */

/* Begin PBXGroup section */
		73F0D5402AE0459B005A612E = {
			isa = PBXGroup;
			children = (
				73F0D54B2AE0459B005A612E /* App */,
				73F0D55C2AE045A2005A612E /* CalcuLuxeTests */,
				73F0D5662AE045A2005A612E /* CalcuLuxeUITests */,
				73F0D54A2AE0459B005A612E /* Products */,
			);
			sourceTree = "<group>";
		};
		73F0D54A2AE0459B005A612E /* Products */ = {
			isa = PBXGroup;
			children = (
				73F0D5492AE0459B005A612E /* CalcuLuxe.app */,
				73F0D5592AE045A2005A612E /* CalcuLuxeTests.xctest */,
				73F0D5632AE045A2005A612E /* CalcuLuxeUITests.xctest */,
			);
			name = Products;
			sourceTree = "<group>";
		};
		73F0D54B2AE0459B005A612E /* App */ = {
			isa = PBXGroup;
			children = (
				73F0D54C2AE0459B005A612E /* CalcuLuxeApp.swift */,
				73F0D5762AE049B4005A612E /* AppDelegate.swift */,
				73F0D5782AE049DB005A612E /* ViewController.swift */,
				73F0D57E2AE04A54005A612E /* CalculatorModel.swift */,
				73F0D5802AE04A83005A612E /* README.md */,
				73F0D5812AE04AA8005A612E /* Main.storyboard */,
				73F0D5832AE04BD1005A612E /* LaunchScreen.storyboard */,
				73F0D54E2AE0459B005A612E /* ContentView.swift */,
				73F0D5502AE045A1005A612E /* Assets.xcassets */,
				73F0D5522AE045A1005A612E /* Preview Content */,
			);
			path = App;
			sourceTree = "<group>";
		};
		73F0D5522AE045A1005A612E /* Preview Content */ = {
			isa = PBXGroup;
			children = (
				73F0D5532AE045A1005A612E /* Preview Assets.xcassets */,
			);
			path = "Preview Content";
			sourceTree = "<group>";
		};
		73F0D55C2AE045A2005A612E /* CalcuLuxeTests */ = {
			isa = PBXGroup;
			children = (
				73F0D55D2AE045A2005A612E /* CalcuLuxeTests.swift */,
			);
			path = CalcuLuxeTests;
			sourceTree = "<group>";
		};
		73F0D5662AE045A2005A612E /* CalcuLuxeUITests */ = {
			isa = PBXGroup;
			children = (
				73F0D5672AE045A2005A612E /* CalcuLuxeUITests.swift */,
				73F0D5692AE045A2005A612E /* CalcuLuxeUITestsLaunchTests.swift */,
			);
			path = CalcuLuxeUITests;
			sourceTree = "<group>";
		};
/* End PBXGroup section */

/* Begin PBXNativeTarget section */
		73F0D5482AE0459B005A612E /* CalcuLuxe */ = {
			isa = PBXNativeTarget;
			buildConfigurationList = 73F0D56D2AE045A2005A612E /* Build configuration list for PBXNativeTarget "CalcuLuxe" */;
			buildPhases = (
				73F0D5452AE0459B005A612E /* Sources */,
				73F0D5462AE0459B005A612E /* Frameworks */,
				73F0D5472AE0459B005A612E /* Resources */,
			);
			buildRules = (
			);
			dependencies = (
			);
			name = CalcuLuxe;
			productName = CalcuLuxe;
			productReference = 73F0D5492AE0459B005A612E /* CalcuLuxe.app */;
			productType = "com.apple.product-type.application";
		};
		73F0D5582AE045A2005A612E /* CalcuLuxeTests */ = {
			isa = PBXNativeTarget;
			buildConfigurationList = 73F0D5702AE045A2005A612E /* Build configuration list for PBXNativeTarget "CalcuLuxeTests" */;
			buildPhases = (
				73F0D5552AE045A2005A612E /* Sources */,
				73F0D5562AE045A2005A612E /* Frameworks */,
				73F0D5572AE045A2005A612E /* Resources */,
			);
			buildRules = (
			);
			dependencies = (
				73F0D55B2AE045A2005A612E /* PBXTargetDependency */,
			);
			name = CalcuLuxeTests;
			productName = CalcuLuxeTests;
			productReference = 73F0D5592AE045A2005A612E /* CalcuLuxeTests.xctest */;
			productType = "com.apple.product-type.bundle.unit-test";
		};
		73F0D5622AE045A2005A612E /* CalcuLuxeUITests */ = {
			isa = PBXNativeTarget;
			buildConfigurationList = 73F0D5732AE045A2005A612E /* Build configuration list for PBXNativeTarget "CalcuLuxeUITests" */;
			buildPhases = (
				73F0D55F2AE045A2005A612E /* Sources */,
				73F0D5602AE045A2005A612E /* Frameworks */,
				73F0D5612AE045A2005A612E /* Resources */,
			);
			buildRules = (
			);
			dependencies = (
				73F0D5652AE045A2005A612E /* PBXTargetDependency */,
			);
			name = CalcuLuxeUITests;
			productName = CalcuLuxeUITests;
			productReference = 73F0D5632AE045A2005A612E /* CalcuLuxeUITests.xctest */;
			productType = "com.apple.product-type.bundle.ui-testing";
		};
/* End PBXNativeTarget section */

/* Begin PBXProject section */
		73F0D5412AE0459B005A612E /* Project object */ = {
			isa = PBXProject;
			attributes = {
				BuildIndependentTargetsInParallel = 1;
				LastSwiftUpdateCheck = 1500;
				LastUpgradeCheck = 1500;
				TargetAttributes = {
					73F0D5482AE0459B005A612E = {
						CreatedOnToolsVersion = 15.0;
					};
					73F0D5582AE045A2005A612E = {
						CreatedOnToolsVersion = 15.0;
						TestTargetID = 73F0D5482AE0459B005A612E;
					};
					73F0D5622AE045A2005A612E = {
						CreatedOnToolsVersion = 15.0;
						TestTargetID = 73F0D5482AE0459B005A612E;
					};
				};
			};
			buildConfigurationList = 73F0D5442AE0459B005A612E /* Build configuration list for PBXProject "CalcuLuxe" */;
			compatibilityVersion = "Xcode 14.0";
			developmentRegion = en;
			hasScannedForEncodings = 0;
			knownRegions = (
				en,
				Base,
			);
			mainGroup = 73F0D5402AE0459B005A612E;
			productRefGroup = 73F0D54A2AE0459B005A612E /* Products */;
			projectDirPath = "";
			projectRoot = "";
			targets = (
				73F0D5482AE0459B005A612E /* CalcuLuxe */,
				73F0D5582AE045A2005A612E /* CalcuLuxeTests */,
				73F0D5622AE045A2005A612E /* CalcuLuxeUITests */,
			);
		};
/* End PBXProject section */

/* Begin PBXResourcesBuildPhase section */
		73F0D5472AE0459B005A612E /* Resources */ = {
			isa = PBXResourcesBuildPhase;
			buildActionMask = 2147483647;
			files = (
				73F0D5822AE04AA8005A612E /* Main.storyboard in Resources */,
				73F0D5842AE04BD1005A612E /* LaunchScreen.storyboard in Resources */,
				73F0D5542AE045A1005A612E /* Preview Assets.xcassets in Resources */,
				73F0D5512AE045A1005A612E /* Assets.xcassets in Resources */,
			);
			runOnlyForDeploymentPostprocessing = 0;
		};
		73F0D5572AE045A2005A612E /* Resources */ = {
			isa = PBXResourcesBuildPhase;
			buildActionMask = 2147483647;
			files = (
			);
			runOnlyForDeploymentPostprocessing = 0;
		};
		73F0D5612AE045A2005A612E /* Resources */ = {
			isa = PBXResourcesBuildPhase;
			buildActionMask = 2147483647;
			files = (
			);
			runOnlyForDeploymentPostprocessing = 0;
		};
/* End PBXResourcesBuildPhase section */

/* Begin PBXSourcesBuildPhase section */
		73F0D5452AE0459B005A612E /* Sources */ = {
			isa = PBXSourcesBuildPhase;
			buildActionMask = 2147483647;
			files = (
				73F0D5772AE049B4005A612E /* AppDelegate.swift in Sources */,
				73F0D57F2AE04A54005A612E /* CalculatorModel.swift in Sources */,
				73F0D54F2AE0459B005A612E /* ContentView.swift in Sources */,
				73F0D5792AE049DB005A612E /* ViewController.swift in Sources */,
				73F0D54D2AE0459B005A612E /* CalcuLuxeApp.swift in Sources */,
			);
			runOnlyForDeploymentPostprocessing = 0;
		};
		73F0D5552AE045A2005A612E /* Sources */ = {
			isa = PBXSourcesBuildPhase;
			buildActionMask = 2147483647;
			files = (
				73F0D55E2AE045A2005A612E /* CalcuLuxeTests.swift in Sources */,
			);
			runOnlyForDeploymentPostprocessing = 0;
		};
		73F0D55F2AE045A2005A612E /* Sources */ = {
			isa = PBXSourcesBuildPhase;
			buildActionMask = 2147483647;
			files = (
				73F0D5682AE045A2005A612E /* CalcuLuxeUITests.swift in Sources */,
				73F0D56A2AE045A2005A612E /* CalcuLuxeUITestsLaunchTests.swift in Sources */,
			);
			runOnlyForDeploymentPostprocessing = 0;
		};
/* End PBXSourcesBuildPhase section */

/* Begin PBXTargetDependency section */
		73F0D55B2AE045A2005A612E /* PBXTargetDependency */ = {
			isa = PBXTargetDependency;
			target = 73F0D5482AE0459B005A612E /* CalcuLuxe */;
			targetProxy = 73F0D55A2AE045A2005A612E /* PBXContainerItemProxy */;
		};
		73F0D5652AE045A2005A612E /* PBXTargetDependency */ = {
			isa = PBXTargetDependency;
			target = 73F0D5482AE0459B005A612E /* CalcuLuxe */;
			targetProxy = 73F0D5642AE045A2005A612E /* PBXContainerItemProxy */;
		};
/* End PBXTargetDependency section */

/* Begin XCBuildConfiguration section */
		73F0D56B2AE045A2005A612E /* Debug */ = {
			isa = XCBuildConfiguration;
			buildSettings = {
				ALWAYS_SEARCH_USER_PATHS = NO;
				ASSETCATALOG_COMPILER_GENERATE_SWIFT_ASSET_SYMBOL_EXTENSIONS = YES;
				CLANG_ANALYZER_NONNULL = YES;
				CLANG_ANALYZER_NUMBER_OBJECT_CONVERSION = YES_AGGRESSIVE;
				CLANG_CXX_LANGUAGE_STANDARD = "gnu++20";
				CLANG_ENABLE_MODULES = YES;
				CLANG_ENABLE_OBJC_ARC = YES;
				CLANG_ENABLE_OBJC_WEAK = YES;
				CLANG_WARN_BLOCK_CAPTURE_AUTORELEASING = YES;
				CLANG_WARN_BOOL_CONVERSION = YES;
				CLANG_WARN_COMMA = YES;
				CLANG_WARN_CONSTANT_CONVERSION = YES;
				CLANG_WARN_DEPRECATED_OBJC_IMPLEMENTATIONS = YES;
				CLANG_WARN_DIRECT_OBJC_ISA_USAGE = YES_ERROR;
				CLANG_WARN_DOCUMENTATION_COMMENTS = YES;
				CLANG_WARN_EMPTY_BODY = YES;
				CLANG_WARN_ENUM_CONVERSION = YES;
				CLANG_WARN_INFINITE_RECURSION = YES;
				CLANG_WARN_INT_CONVERSION = YES;
				CLANG_WARN_NON_LITERAL_NULL_CONVERSION = YES;
				CLANG_WARN_OBJC_IMPLICIT_RETAIN_SELF = YES;
				CLANG_WARN_OBJC_LITERAL_CONVERSION = YES;
				CLANG_WARN_OBJC_ROOT_CLASS = YES_ERROR;
				CLANG_WARN_QUOTED_INCLUDE_IN_FRAMEWORK_HEADER = YES;
				CLANG_WARN_RANGE_LOOP_ANALYSIS = YES;
				CLANG_WARN_STRICT_PROTOTYPES = YES;
				CLANG_WARN_SUSPICIOUS_MOVE = YES;
				CLANG_WARN_UNGUARDED_AVAILABILITY = YES_AGGRESSIVE;
				CLANG_WARN_UNREACHABLE_CODE = YES;
				CLANG_WARN__DUPLICATE_METHOD_MATCH = YES;
				COPY_PHASE_STRIP = NO;
				DEBUG_INFORMATION_FORMAT = dwarf;
				ENABLE_STRICT_OBJC_MSGSEND = YES;
				ENABLE_TESTABILITY = YES;
				ENABLE_USER_SCRIPT_SANDBOXING = YES;
				GCC_C_LANGUAGE_STANDARD = gnu17;
				GCC_DYNAMIC_NO_PIC = NO;
				GCC_NO_COMMON_BLOCKS = YES;
				GCC_OPTIMIZATION_LEVEL = 0;
				GCC_PREPROCESSOR_DEFINITIONS = (
					"DEBUG=1",
					"$(inherited)",
				);
				GCC_WARN_64_TO_32_BIT_CONVERSION = YES;
				GCC_WARN_ABOUT_RETURN_TYPE = YES_ERROR;
				GCC_WARN_UNDECLARED_SELECTOR = YES;
				GCC_WARN_UNINITIALIZED_AUTOS = YES_AGGRESSIVE;
				GCC_WARN_UNUSED_FUNCTION = YES;
				GCC_WARN_UNUSED_VARIABLE = YES;
				IPHONEOS_DEPLOYMENT_TARGET = 17.0;
				LOCALIZATION_PREFERS_STRING_CATALOGS = YES;
				MTL_ENABLE_DEBUG_INFO = INCLUDE_SOURCE;
				MTL_FAST_MATH = YES;
				ONLY_ACTIVE_ARCH = YES;
				SDKROOT = iphoneos;
				SWIFT_ACTIVE_COMPILATION_CONDITIONS = "DEBUG $(inherited)";
				SWIFT_OPTIMIZATION_LEVEL = "-Onone";
			};
			name = Debug;
		};
		73F0D56C2AE045A2005A612E /* Release */ = {
			isa = XCBuildConfiguration;
			buildSettings = {
				ALWAYS_SEARCH_USER_PATHS = NO;
				ASSETCATALOG_COMPILER_GENERATE_SWIFT_ASSET_SYMBOL_EXTENSIONS = YES;
				CLANG_ANALYZER_NONNULL = YES;
				CLANG_ANALYZER_NUMBER_OBJECT_CONVERSION = YES_AGGRESSIVE;
				CLANG_CXX_LANGUAGE_STANDARD = "gnu++20";
				CLANG_ENABLE_MODULES = YES;
				CLANG_ENABLE_OBJC_ARC = YES;
				CLANG_ENABLE_OBJC_WEAK = YES;
				CLANG_WARN_BLOCK_CAPTURE_AUTORELEASING = YES;
				CLANG_WARN_BOOL_CONVERSION = YES;
				CLANG_WARN_COMMA = YES;
				CLANG_WARN_CONSTANT_CONVERSION = YES;
				CLANG_WARN_DEPRECATED_OBJC_IMPLEMENTATIONS = YES;
				CLANG_WARN_DIRECT_OBJC_ISA_USAGE = YES_ERROR;
				CLANG_WARN_DOCUMENTATION_COMMENTS = YES;
				CLANG_WARN_EMPTY_BODY = YES;
				CLANG_WARN_ENUM_CONVERSION = YES;
				CLANG_WARN_INFINITE_RECURSION = YES;
				CLANG_WARN_INT_CONVERSION = YES;
				CLANG_WARN_NON_LITERAL_NULL_CONVERSION = YES;
				CLANG_WARN_OBJC_IMPLICIT_RETAIN_SELF = YES;
				CLANG_WARN_OBJC_LITERAL_CONVERSION = YES;
				CLANG_WARN_OBJC_ROOT_CLASS = YES_ERROR;
				CLANG_WARN_QUOTED_INCLUDE_IN_FRAMEWORK_HEADER = YES;
				CLANG_WARN_RANGE_LOOP_ANALYSIS = YES;
				CLANG_WARN_STRICT_PROTOTYPES = YES;
				CLANG_WARN_SUSPICIOUS_MOVE = YES;
				CLANG_WARN_UNGUARDED_AVAILABILITY = YES_AGGRESSIVE;
				CLANG_WARN_UNREACHABLE_CODE = YES;
				CLANG_WARN__DUPLICATE_METHOD_MATCH = YES;
				COPY_PHASE_STRIP = NO;
				DEBUG_INFORMATION_FORMAT = "dwarf-with-dsym";
				ENABLE_NS_ASSERTIONS = NO;
				ENABLE_STRICT_OBJC_MSGSEND = YES;
				ENABLE_USER_SCRIPT_SANDBOXING = YES;
				GCC_C_LANGUAGE_STANDARD = gnu17;
				GCC_NO_COMMON_BLOCKS = YES;
				GCC_WARN_64_TO_32_BIT_CONVERSION = YES;
				GCC_WARN_ABOUT_RETURN_TYPE = YES_ERROR;
				GCC_WARN_UNDECLARED_SELECTOR = YES;
				GCC_WARN_UNINITIALIZED_AUTOS = YES_AGGRESSIVE;
				GCC_WARN_UNUSED_FUNCTION = YES;
				GCC_WARN_UNUSED_VARIABLE = YES;
				IPHONEOS_DEPLOYMENT_TARGET = 17.0;
				LOCALIZATION_PREFERS_STRING_CATALOGS = YES;
				MTL_ENABLE_DEBUG_INFO = NO;
				MTL_FAST_MATH = YES;
				SDKROOT = iphoneos;
				SWIFT_COMPILATION_MODE = wholemodule;
				VALIDATE_PRODUCT = YES;
			};
			name = Release;
		};
		73F0D56E2AE045A2005A612E /* Debug */ = {
			isa = XCBuildConfiguration;
			buildSettings = {
				ASSETCATALOG_COMPILER_APPICON_NAME = AppIcon;
				ASSETCATALOG_COMPILER_GLOBAL_ACCENT_COLOR_NAME = AccentColor;
				CODE_SIGN_STYLE = Automatic;
				CURRENT_PROJECT_VERSION = 1;
				DEVELOPMENT_ASSET_PATHS = "\"CalcuLuxe/Preview Content\"";
				DEVELOPMENT_TEAM = K8965877YG;
				ENABLE_PREVIEWS = YES;
				GENERATE_INFOPLIST_FILE = YES;
				INFOPLIST_KEY_UIApplicationSceneManifest_Generation = YES;
				INFOPLIST_KEY_UIApplicationSupportsIndirectInputEvents = YES;
				INFOPLIST_KEY_UILaunchScreen_Generation = YES;
				INFOPLIST_KEY_UISupportedInterfaceOrientations_iPad = "UIInterfaceOrientationPortrait UIInterfaceOrientationPortraitUpsideDown UIInterfaceOrientationLandscapeLeft UIInterfaceOrientationLandscapeRight";
				INFOPLIST_KEY_UISupportedInterfaceOrientations_iPhone = "UIInterfaceOrientationPortrait UIInterfaceOrientationLandscapeLeft UIInterfaceOrientationLandscapeRight";
				LD_RUNPATH_SEARCH_PATHS = (
					"$(inherited)",
					"@executable_path/Frameworks",
				);
				MARKETING_VERSION = 1.0;
				PRODUCT_BUNDLE_IDENTIFIER = com.CalcuLuxe;
				PRODUCT_NAME = "$(TARGET_NAME)";
				SWIFT_EMIT_LOC_STRINGS = YES;
				SWIFT_VERSION = 5.0;
				TARGETED_DEVICE_FAMILY = "1,2";
			};
			name = Debug;
		};
		73F0D56F2AE045A2005A612E /* Release */ = {
			isa = XCBuildConfiguration;
			buildSettings = {
				ASSETCATALOG_COMPILER_APPICON_NAME = AppIcon;
				ASSETCATALOG_COMPILER_GLOBAL_ACCENT_COLOR_NAME = AccentColor;
				CODE_SIGN_STYLE = Automatic;
				CURRENT_PROJECT_VERSION = 1;
				DEVELOPMENT_ASSET_PATHS = "\"CalcuLuxe/Preview Content\"";
				DEVELOPMENT_TEAM = K8965877YG;
				ENABLE_PREVIEWS = YES;
				GENERATE_INFOPLIST_FILE = YES;
				INFOPLIST_KEY_UIApplicationSceneManifest_Generation = YES;
				INFOPLIST_KEY_UIApplicationSupportsIndirectInputEvents = YES;
				INFOPLIST_KEY_UILaunchScreen_Generation = YES;
				INFOPLIST_KEY_UISupportedInterfaceOrientations_iPad = "UIInterfaceOrientationPortrait UIInterfaceOrientationPortraitUpsideDown UIInterfaceOrientationLandscapeLeft UIInterfaceOrientationLandscapeRight";
				INFOPLIST_KEY_UISupportedInterfaceOrientations_iPhone = "UIInterfaceOrientationPortrait UIInterfaceOrientationLandscapeLeft UIInterfaceOrientationLandscapeRight";
				LD_RUNPATH_SEARCH_PATHS = (
					"$(inherited)",
					"@executable_path/Frameworks",
				);
				MARKETING_VERSION = 1.0;
				PRODUCT_BUNDLE_IDENTIFIER = com.CalcuLuxe;
				PRODUCT_NAME = "$(TARGET_NAME)";
				SWIFT_EMIT_LOC_STRINGS = YES;
				SWIFT_VERSION = 5.0;
				TARGETED_DEVICE_FAMILY = "1,2";
			};
			name = Release;
		};
		73F0D5712AE045A2005A612E /* Debug */ = {
			isa = XCBuildConfiguration;
			buildSettings = {
				ALWAYS_EMBED_SWIFT_STANDARD_LIBRARIES = YES;
				BUNDLE_LOADER = "$(TEST_HOST)";
				CODE_SIGN_STYLE = Automatic;
				CURRENT_PROJECT_VERSION = 1;
				DEVELOPMENT_TEAM = K8965877YG;
				GENERATE_INFOPLIST_FILE = YES;
				IPHONEOS_DEPLOYMENT_TARGET = 17.0;
				MARKETING_VERSION = 1.0;
				PRODUCT_BUNDLE_IDENTIFIER = com.CalcuLuxeTests;
				PRODUCT_NAME = "$(TARGET_NAME)";
				SWIFT_EMIT_LOC_STRINGS = NO;
				SWIFT_VERSION = 5.0;
				TARGETED_DEVICE_FAMILY = "1,2";
				TEST_HOST = "$(BUILT_PRODUCTS_DIR)/CalcuLuxe.app/$(BUNDLE_EXECUTABLE_FOLDER_PATH)/CalcuLuxe";
			};
			name = Debug;
		};
		73F0D5722AE045A2005A612E /* Release */ = {
			isa = XCBuildConfiguration;
			buildSettings = {
				ALWAYS_EMBED_SWIFT_STANDARD_LIBRARIES = YES;
				BUNDLE_LOADER = "$(TEST_HOST)";
				CODE_SIGN_STYLE = Automatic;
				CURRENT_PROJECT_VERSION = 1;
				DEVELOPMENT_TEAM = K8965877YG;
				GENERATE_INFOPLIST_FILE = YES;
				IPHONEOS_DEPLOYMENT_TARGET = 17.0;
				MARKETING_VERSION = 1.0;
				PRODUCT_BUNDLE_IDENTIFIER = com.CalcuLuxeTests;
				PRODUCT_NAME = "$(TARGET_NAME)";
				SWIFT_EMIT_LOC_STRINGS = NO;
				SWIFT_VERSION = 5.0;
				TARGETED_DEVICE_FAMILY = "1,2";
				TEST_HOST = "$(BUILT_PRODUCTS_DIR)/CalcuLuxe.app/$(BUNDLE_EXECUTABLE_FOLDER_PATH)/CalcuLuxe";
			};
			name = Release;
		};
		73F0D5742AE045A2005A612E /* Debug */ = {
			isa = XCBuildConfiguration;
			buildSettings = {
				ALWAYS_EMBED_SWIFT_STANDARD_LIBRARIES = YES;
				CODE_SIGN_STYLE = Automatic;
				CURRENT_PROJECT_VERSION = 1;
				DEVELOPMENT_TEAM = K8965877YG;
				GENERATE_INFOPLIST_FILE = YES;
				MARKETING_VERSION = 1.0;
				PRODUCT_BUNDLE_IDENTIFIER = com.CalcuLuxeUITests;
				PRODUCT_NAME = "$(TARGET_NAME)";
				SWIFT_EMIT_LOC_STRINGS = NO;
				SWIFT_VERSION = 5.0;
				TARGETED_DEVICE_FAMILY = "1,2";
				TEST_TARGET_NAME = CalcuLuxe;
			};
			name = Debug;
		};
		73F0D5752AE045A2005A612E /* Release */ = {
			isa = XCBuildConfiguration;
			buildSettings = {
				ALWAYS_EMBED_SWIFT_STANDARD_LIBRARIES = YES;
				CODE_SIGN_STYLE = Automatic;
				CURRENT_PROJECT_VERSION = 1;
				DEVELOPMENT_TEAM = K8965877YG;
				GENERATE_INFOPLIST_FILE = YES;
				MARKETING_VERSION = 1.0;
				PRODUCT_BUNDLE_IDENTIFIER = com.CalcuLuxeUITests;
				PRODUCT_NAME = "$(TARGET_NAME)";
				SWIFT_EMIT_LOC_STRINGS = NO;
				SWIFT_VERSION = 5.0;
				TARGETED_DEVICE_FAMILY = "1,2";
				TEST_TARGET_NAME = CalcuLuxe;
			};
			name = Release;
		};
/* End XCBuildConfiguration section */

/* Begin XCConfigurationList section */
		73F0D5442AE0459B005A612E /* Build configuration list for PBXProject "CalcuLuxe" */ = {
			isa = XCConfigurationList;
			buildConfigurations = (
				73F0D56B2AE045A2005A612E /* Debug */,
				73F0D56C2AE045A2005A612E /* Release */,
			);
			defaultConfigurationIsVisible = 0;
			defaultConfigurationName = Release;
		};
		73F0D56D2AE045A2005A612E /* Build configuration list for PBXNativeTarget "CalcuLuxe" */ = {
			isa = XCConfigurationList;
			buildConfigurations = (
				73F0D56E2AE045A2005A612E /* Debug */,
				73F0D56F2AE045A2005A612E /* Release */,
			);
			defaultConfigurationIsVisible = 0;
			defaultConfigurationName = Release;
		};
		73F0D5702AE045A2005A612E /* Build configuration list for PBXNativeTarget "CalcuLuxeTests" */ = {
			isa = XCConfigurationList;
			buildConfigurations = (
				73F0D5712AE045A2005A612E /* Debug */,
				73F0D5722AE045A2005A612E /* Release */,
			);
			defaultConfigurationIsVisible = 0;
			defaultConfigurationName = Release;
		};
		73F0D5732AE045A2005A612E /* Build configuration list for PBXNativeTarget "CalcuLuxeUITests" */ = {
			isa = XCConfigurationList;
			buildConfigurations = (
				73F0D5742AE045A2005A612E /* Debug */,
				73F0D5752AE045A2005A612E /* Release */,
			);
			defaultConfigurationIsVisible = 0;
			defaultConfigurationName = Release;
		};
/* End XCConfigurationList section */
	};
	rootObject = 73F0D5412AE0459B005A612E /* Project object */;
}
